
Microsoft Visual Studio Solution File, Format Version 12.00
# Visual Studio Version 17
VisualStudioVersion = 17.4.33403.182
MinimumVisualStudioVersion = 10.0.40219.1
Project("{FAE04EC0-301F-11D3-BF4B-00C04F79EFBC}") = "AlquilAppBack", "AlquilApp\AlquilAppBack.csproj", "{525A3480-45B1-4ABF-A61D-D4BEC21F476B}"
EndProject
Project("{FAE04EC0-301F-11D3-BF4B-00C04F79EFBC}") = "AlquilappFront", "AlquilappFront\AlquilappFront.csproj", "{2E409527-7AF5-4887-903D-4D3C46733163}"
EndProject
Global
	GlobalSection(SolutionConfigurationPlatforms) = preSolution
		Debug|Any CPU = Debug|Any CPU
		Release|Any CPU = Release|Any CPU
	EndGlobalSection
	GlobalSection(ProjectConfigurationPlatforms) = postSolution
		{525A3480-45B1-4ABF-A61D-D4BEC21F476B}.Debug|Any CPU.ActiveCfg = Debug|Any CPU
		{525A3480-45B1-4ABF-A61D-D4BEC21F476B}.Debug|Any CPU.Build.0 = Debug|Any CPU
		{525A3480-45B1-4ABF-A61D-D4BEC21F476B}.Release|Any CPU.ActiveCfg = Release|Any CPU
		{525A3480-45B1-4ABF-A61D-D4BEC21F476B}.Release|Any CPU.Build.0 = Release|Any CPU
		{2E409527-7AF5-4887-903D-4D3C46733163}.Debug|Any CPU.ActiveCfg = Debug|Any CPU
		{2E409527-7AF5-4887-903D-4D3C46733163}.Debug|Any CPU.Build.0 = Debug|Any CPU
		{2E409527-7AF5-4887-903D-4D3C46733163}.Release|Any CPU.ActiveCfg = Release|Any CPU
		{2E409527-7AF5-4887-903D-4D3C46733163}.Release|Any CPU.Build.0 = Release|Any CPU
	EndGlobalSection
	GlobalSection(SolutionProperties) = preSolution
		HideSolutionNode = FALSE
	EndGlobalSection
	GlobalSection(ExtensibilityGlobals) = postSolution
		SolutionGuid = {F38121E4-5774-4957-ACA3-F21D6A8845DC}
	EndGlobalSection
EndGlobal
